
Microsoft Visual Studio Solution File, Format Version 12.00
# Visual Studio Version 17
VisualStudioVersion = 17.8.34330.188
MinimumVisualStudioVersion = 10.0.40219.1
Project("{8BC9CEB8-8B4A-11D0-8D11-00A0C91BC942}") = "test_MySQL_connection", "test_MySQL_connection\test_MySQL_connection.vcxproj", "{597829F1-8FF4-4E58-B131-A568CDA79DBC}"
EndProject
Global
	GlobalSection(SolutionConfigurationPlatforms) = preSolution
		Debug|x64 = Debug|x64
		Debug|x86 = Debug|x86
		Release|x64 = Release|x64
		Release|x86 = Release|x86
	EndGlobalSection
	GlobalSection(ProjectConfigurationPlatforms) = postSolution
		{597829F1-8FF4-4E58-B131-A568CDA79DBC}.Debug|x64.ActiveCfg = Debug|x64
		{597829F1-8FF4-4E58-B131-A568CDA79DBC}.Debug|x64.Build.0 = Debug|x64
		{597829F1-8FF4-4E58-B131-A568CDA79DBC}.Debug|x86.ActiveCfg = Debug|Win32
		{597829F1-8FF4-4E58-B131-A568CDA79DBC}.Debug|x86.Build.0 = Debug|Win32
		{597829F1-8FF4-4E58-B131-A568CDA79DBC}.Release|x64.ActiveCfg = Release|x64
		{597829F1-8FF4-4E58-B131-A568CDA79DBC}.Release|x64.Build.0 = Release|x64
		{597829F1-8FF4-4E58-B131-A568CDA79DBC}.Release|x86.ActiveCfg = Release|Win32
		{597829F1-8FF4-4E58-B131-A568CDA79DBC}.Release|x86.Build.0 = Release|Win32
	EndGlobalSection
	GlobalSection(SolutionProperties) = preSolution
		HideSolutionNode = FALSE
	EndGlobalSection
	GlobalSection(ExtensibilityGlobals) = postSolution
		SolutionGuid = {95F9FDDB-FDA6-4B29-B5C5-B083E9CB1D9E}
	EndGlobalSection
EndGlobal
